{
  "name": "patient-to-fhir",
  "version": "1.0.0",
  "lockfileVersion": 2,
  "requires": true,
  "packages": {
    "": {
      "name": "patient-to-fhir",
      "version": "1.0.0",
      "license": "ISC",
      "dependencies": {
        "de.basisprofil.r4": "^1.0.0",
        "de.medizininformatikinitiative.kerndatensatz.meta": "^1.0.3",
        "de.medizininformatikinitiative.kerndatensatz.person": "^2024.0.0",
        "hl7.fhir.r4.core": "^4.0.1"
      }
    },
    "node_modules/de.basisprofil.r4": {
      "version": "1.4.0",
      "resolved": "https://packages.simplifier.net/de.basisprofil.r4/1.4.0",
      "integrity": "sha1-IZ1yyGg9VfHvK0/NVo58eY2pHoQ="
    },
    "node_modules/de.medizininformatikinitiative.kerndatensatz.meta": {
      "version": "1.0.3",
      "resolved": "https://packages.simplifier.net/de.medizininformatikinitiative.kerndatensatz.meta/1.0.3"
    },
    "node_modules/de.medizininformatikinitiative.kerndatensatz.person": {
      "version": "2024.0.0",
      "resolved": "https://packages.simplifier.net/de.medizininformatikinitiative.kerndatensatz.person/2024.0.0",
      "integrity": "sha1-av5cNxPMhhevbg8Gbh43nVFbsIE="
    },
    "node_modules/hl7.fhir.r4.core": {
      "version": "4.0.1",
      "resolved": "https://packages.simplifier.net/hl7.fhir.r4.core/4.0.1",
      "integrity": "sha1-DkuNmfeRhYdVdoLItH32BUJFR6U="
    }
  },
  "dependencies": {
    "de.basisprofil.r4": {
      "version": "1.4.0",
      "resolved": "https://packages.simplifier.net/de.basisprofil.r4/1.4.0",
      "integrity": "sha1-IZ1yyGg9VfHvK0/NVo58eY2pHoQ="
    },
    "de.medizininformatikinitiative.kerndatensatz.meta": {
      "version": "1.0.3",
      "resolved": "https://packages.simplifier.net/de.medizininformatikinitiative.kerndatensatz.meta/1.0.3"
    },
    "de.medizininformatikinitiative.kerndatensatz.person": {
      "version": "2024.0.0",
      "resolved": "https://packages.simplifier.net/de.medizininformatikinitiative.kerndatensatz.person/2024.0.0",
      "integrity": "sha1-av5cNxPMhhevbg8Gbh43nVFbsIE="
    },
    "hl7.fhir.r4.core": {
      "version": "4.0.1",
      "resolved": "https://packages.simplifier.net/hl7.fhir.r4.core/4.0.1",
      "integrity": "sha1-DkuNmfeRhYdVdoLItH32BUJFR6U="
    }
  }
}
