{
  "name": "patient-to-fhir",
  "version": "1.0.0",
  "lockfileVersion": 2,
  "requires": true,
  "packages": {
    "": {
      "name": "patient-to-fhir",
      "version": "1.0.0",
      "license": "ISC",
      "dependencies": {
        "de.basisprofil.r4": "^0.9.13",
        "de.medizininformatikinitiative.kerndatensatz.meta": "^1.0.3",
        "de.medizininformatikinitiative.kerndatensatz.person": "^1.0.16",
        "hl7.fhir.r4.core": "^4.0.1"
      }
    },
    "node_modules/de.basisprofil.r4": {
      "version": "0.9.13",
      "resolved": "https://packages.simplifier.net/de.basisprofil.r4/0.9.13"
    },
    "node_modules/de.medizininformatikinitiative.kerndatensatz.meta": {
      "version": "1.0.3",
      "resolved": "https://packages.simplifier.net/de.medizininformatikinitiative.kerndatensatz.meta/1.0.3"
    },
    "node_modules/de.medizininformatikinitiative.kerndatensatz.person": {
      "version": "1.0.16",
      "resolved": "https://packages.simplifier.net/de.medizininformatikinitiative.kerndatensatz.person/1.0.16",
      "integrity": "sha1-lONcSEcs6a4mhPnhCkZ/YOEMuio="
    },
    "node_modules/hl7.fhir.r4.core": {
      "version": "4.0.1",
      "resolved": "https://packages.simplifier.net/hl7.fhir.r4.core/4.0.1",
      "integrity": "sha1-DkuNmfeRhYdVdoLItH32BUJFR6U="
    }
  },
  "dependencies": {
    "de.basisprofil.r4": {
      "version": "0.9.13",
      "resolved": "https://packages.simplifier.net/de.basisprofil.r4/0.9.13"
    },
    "de.medizininformatikinitiative.kerndatensatz.meta": {
      "version": "1.0.3",
      "resolved": "https://packages.simplifier.net/de.medizininformatikinitiative.kerndatensatz.meta/1.0.3"
    },
    "de.medizininformatikinitiative.kerndatensatz.person": {
      "version": "1.0.16",
      "resolved": "https://packages.simplifier.net/de.medizininformatikinitiative.kerndatensatz.person/1.0.16",
      "integrity": "sha1-lONcSEcs6a4mhPnhCkZ/YOEMuio="
    },
    "hl7.fhir.r4.core": {
      "version": "4.0.1",
      "resolved": "https://packages.simplifier.net/hl7.fhir.r4.core/4.0.1",
      "integrity": "sha1-DkuNmfeRhYdVdoLItH32BUJFR6U="
    }
  }
}
