{
  "name": "patient-to-fhir",
  "version": "1.0.0",
  "lockfileVersion": 2,
  "requires": true,
  "packages": {
    "": {
      "version": "1.0.0",
      "license": "ISC",
      "dependencies": {
        "de.medizininformatikinitiative.kerndatensatz.meta": "^1.0.2"
      }
    },
    "node_modules/de.medizininformatikinitiative.kerndatensatz.meta": {
      "version": "1.0.3",
      "resolved": "https://packages.simplifier.net/de.medizininformatikinitiative.kerndatensatz.meta/1.0.3"
    }
  },
  "dependencies": {
    "de.medizininformatikinitiative.kerndatensatz.meta": {
      "version": "1.0.3",
      "resolved": "https://packages.simplifier.net/de.medizininformatikinitiative.kerndatensatz.meta/1.0.3"
    }
  }
}
